
Microsoft Visual Studio Solution File, Format Version 12.00
# Visual Studio Version 17
VisualStudioVersion = 17.10.35027.167
MinimumVisualStudioVersion = 10.0.40219.1
Project("{FAE04EC0-301F-11D3-BF4B-00C04F79EFBC}") = "CleanArch.Api", "CleanArch.Api.csproj", "{035BCC80-ADB5-4A3A-91E4-FEBCF5AC6F21}"
EndProject
Global
	GlobalSection(SolutionConfigurationPlatforms) = preSolution
		Debug|Any CPU = Debug|Any CPU
		Release|Any CPU = Release|Any CPU
	EndGlobalSection
	GlobalSection(ProjectConfigurationPlatforms) = postSolution
		{035BCC80-ADB5-4A3A-91E4-FEBCF5AC6F21}.Debug|Any CPU.ActiveCfg = Debug|Any CPU
		{035BCC80-ADB5-4A3A-91E4-FEBCF5AC6F21}.Debug|Any CPU.Build.0 = Debug|Any CPU
		{035BCC80-ADB5-4A3A-91E4-FEBCF5AC6F21}.Release|Any CPU.ActiveCfg = Release|Any CPU
		{035BCC80-ADB5-4A3A-91E4-FEBCF5AC6F21}.Release|Any CPU.Build.0 = Release|Any CPU
	EndGlobalSection
	GlobalSection(SolutionProperties) = preSolution
		HideSolutionNode = FALSE
	EndGlobalSection
	GlobalSection(ExtensibilityGlobals) = postSolution
		SolutionGuid = {3A91E131-5EB0-49CC-9B5E-9498310A8B2E}
	EndGlobalSection
EndGlobal
